
Microsoft Visual Studio Solution File, Format Version 12.00
# Visual Studio Version 16
VisualStudioVersion = 25.0.1705.4
MinimumVisualStudioVersion = 10.0.40219.1
Project("{FAE04EC0-301F-11D3-BF4B-00C04F79EFBC}") = "tweet22.Server", "tweet22\Server\tweet22.Server.csproj", "{6DE20605-16F1-48C5-B708-690048740B0E}"
EndProject
Project("{FAE04EC0-301F-11D3-BF4B-00C04F79EFBC}") = "tweet22.Client", "tweet22\Client\tweet22.Client.csproj", "{C9F8B1E1-4EFE-43B3-8E54-ECC110F6EAB9}"
EndProject
Project("{FAE04EC0-301F-11D3-BF4B-00C04F79EFBC}") = "tweet22.Shared", "tweet22\Shared\tweet22.Shared.csproj", "{56E8250A-0005-4374-B7B6-CF90F21AF5D8}"
EndProject
Project("{E53339B2-1760-4266-BCC7-CA923CBCF16C}") = "docker-compose", "docker-compose.dcproj", "{F13B3241-5B97-4145-88BF-437BF0326E8F}"
EndProject
Global
	GlobalSection(SolutionConfigurationPlatforms) = preSolution
		Debug|Any CPU = Debug|Any CPU
		Release|Any CPU = Release|Any CPU
	EndGlobalSection
	GlobalSection(ProjectConfigurationPlatforms) = postSolution
		{6DE20605-16F1-48C5-B708-690048740B0E}.Debug|Any CPU.ActiveCfg = Debug|Any CPU
		{6DE20605-16F1-48C5-B708-690048740B0E}.Debug|Any CPU.Build.0 = Debug|Any CPU
		{6DE20605-16F1-48C5-B708-690048740B0E}.Release|Any CPU.ActiveCfg = Release|Any CPU
		{6DE20605-16F1-48C5-B708-690048740B0E}.Release|Any CPU.Build.0 = Release|Any CPU
		{C9F8B1E1-4EFE-43B3-8E54-ECC110F6EAB9}.Debug|Any CPU.ActiveCfg = Debug|Any CPU
		{C9F8B1E1-4EFE-43B3-8E54-ECC110F6EAB9}.Debug|Any CPU.Build.0 = Debug|Any CPU
		{C9F8B1E1-4EFE-43B3-8E54-ECC110F6EAB9}.Release|Any CPU.ActiveCfg = Release|Any CPU
		{C9F8B1E1-4EFE-43B3-8E54-ECC110F6EAB9}.Release|Any CPU.Build.0 = Release|Any CPU
		{56E8250A-0005-4374-B7B6-CF90F21AF5D8}.Debug|Any CPU.ActiveCfg = Debug|Any CPU
		{56E8250A-0005-4374-B7B6-CF90F21AF5D8}.Debug|Any CPU.Build.0 = Debug|Any CPU
		{56E8250A-0005-4374-B7B6-CF90F21AF5D8}.Release|Any CPU.ActiveCfg = Release|Any CPU
		{56E8250A-0005-4374-B7B6-CF90F21AF5D8}.Release|Any CPU.Build.0 = Release|Any CPU
		{F13B3241-5B97-4145-88BF-437BF0326E8F}.Debug|Any CPU.ActiveCfg = Debug|Any CPU
		{F13B3241-5B97-4145-88BF-437BF0326E8F}.Debug|Any CPU.Build.0 = Debug|Any CPU
		{F13B3241-5B97-4145-88BF-437BF0326E8F}.Release|Any CPU.ActiveCfg = Release|Any CPU
		{F13B3241-5B97-4145-88BF-437BF0326E8F}.Release|Any CPU.Build.0 = Release|Any CPU
	EndGlobalSection
	GlobalSection(SolutionProperties) = preSolution
		HideSolutionNode = FALSE
	EndGlobalSection
	GlobalSection(ExtensibilityGlobals) = postSolution
		SolutionGuid = {8F236682-6F88-4B28-A9B7-3C14C2A87230}
	EndGlobalSection
EndGlobal
